// !$*UTF8*$!
{
	archiveVersion = 1;
	classes = {
	};
	objectVersion = 46;
	objects = {

/* Begin PBXBuildFile section */
		D30FB8511F74B49800F211BE /* AppDelegate.swift in Sources */ = {isa = PBXBuildFile; fileRef = D30FB8501F74B49800F211BE /* AppDelegate.swift */; };
		D30FB8531F74B49800F211BE /* ViewController.swift in Sources */ = {isa = PBXBuildFile; fileRef = D30FB8521F74B49800F211BE /* ViewController.swift */; };
		D30FB8561F74B49800F211BE /* Main.storyboard in Resources */ = {isa = PBXBuildFile; fileRef = D30FB8541F74B49800F211BE /* Main.storyboard */; };
		D30FB8591F74B49800F211BE /* gps.xcdatamodeld in Sources */ = {isa = PBXBuildFile; fileRef = D30FB8571F74B49800F211BE /* gps.xcdatamodeld */; };
		D30FB85B1F74B49800F211BE /* Assets.xcassets in Resources */ = {isa = PBXBuildFile; fileRef = D30FB85A1F74B49800F211BE /* Assets.xcassets */; };
		D30FB85E1F74B49800F211BE /* LaunchScreen.storyboard in Resources */ = {isa = PBXBuildFile; fileRef = D30FB85C1F74B49800F211BE /* LaunchScreen.storyboard */; };
		D3C949712887A1B1000F9681 /* 28-淡水.gpx in Resources */ = {isa = PBXBuildFile; fileRef = D3C949702887A1B1000F9681 /* 28-淡水.gpx */; };
/* End PBXBuildFile section */

/* Begin PBXFileReference section */
		D30FB84D1F74B49800F211BE /* gps.app */ = {isa = PBXFileReference; explicitFileType = wrapper.application; includeInIndex = 0; path = gps.app; sourceTree = BUILT_PRODUCTS_DIR; };
		D30FB8501F74B49800F211BE /* AppDelegate.swift */ = {isa = PBXFileReference; lastKnownFileType = sourcecode.swift; path = AppDelegate.swift; sourceTree = "<group>"; };
		D30FB8521F74B49800F211BE /* ViewController.swift */ = {isa = PBXFileReference; lastKnownFileType = sourcecode.swift; path = ViewController.swift; sourceTree = "<group>"; };
		D30FB8551F74B49800F211BE /* Base */ = {isa = PBXFileReference; lastKnownFileType = file.storyboard; name = Base; path = Base.lproj/Main.storyboard; sourceTree = "<group>"; };
		D30FB8581F74B49800F211BE /* gps.xcdatamodel */ = {isa = PBXFileReference; lastKnownFileType = wrapper.xcdatamodel; path = gps.xcdatamodel; sourceTree = "<group>"; };
		D30FB85A1F74B49800F211BE /* Assets.xcassets */ = {isa = PBXFileReference; lastKnownFileType = folder.assetcatalog; path = Assets.xcassets; sourceTree = "<group>"; };
		D30FB85D1F74B49800F211BE /* Base */ = {isa = PBXFileReference; lastKnownFileType = file.storyboard; name = Base; path = Base.lproj/LaunchScreen.storyboard; sourceTree = "<group>"; };
		D30FB85F1F74B49800F211BE /* Info.plist */ = {isa = PBXFileReference; lastKnownFileType = text.plist.xml; path = Info.plist; sourceTree = "<group>"; };
		D3B284E5285CC7590001FB7B /* 03-101世貿.gpx */ = {isa = PBXFileReference; lastKnownFileType = text.xml; path = "03-101世貿.gpx"; sourceTree = "<group>"; };
		D3B284E6285CC8180001FB7B /* 04-信義安和.gpx */ = {isa = PBXFileReference; lastKnownFileType = text.xml; path = "04-信義安和.gpx"; sourceTree = "<group>"; };
		D3B284E7285CC8BF0001FB7B /* 05-大安.gpx */ = {isa = PBXFileReference; lastKnownFileType = text.xml; path = "05-大安.gpx"; sourceTree = "<group>"; };
		D3B284E8285CC8CE0001FB7B /* 06-大安森林公園.gpx */ = {isa = PBXFileReference; lastKnownFileType = text.xml; path = "06-大安森林公園.gpx"; sourceTree = "<group>"; };
		D3B284E9285CC8D50001FB7B /* 08-中正紀念堂.gpx */ = {isa = PBXFileReference; lastKnownFileType = text.xml; path = "08-中正紀念堂.gpx"; sourceTree = "<group>"; };
		D3B284EA285CC8DB0001FB7B /* 07-東門.gpx */ = {isa = PBXFileReference; lastKnownFileType = text.xml; path = "07-東門.gpx"; sourceTree = "<group>"; };
		D3B284EB285CC8E10001FB7B /* 14-圓山.gpx */ = {isa = PBXFileReference; lastKnownFileType = text.xml; path = "14-圓山.gpx"; sourceTree = "<group>"; };
		D3B284EC285CC8E80001FB7B /* 09-台大醫院.gpx */ = {isa = PBXFileReference; lastKnownFileType = text.xml; path = "09-台大醫院.gpx"; sourceTree = "<group>"; };
		D3B284ED285CC8F50001FB7B /* 12-雙連.gpx */ = {isa = PBXFileReference; lastKnownFileType = text.xml; path = "12-雙連.gpx"; sourceTree = "<group>"; };
		D3B284EE285CC8FB0001FB7B /* 13-民權西路.gpx */ = {isa = PBXFileReference; lastKnownFileType = text.xml; path = "13-民權西路.gpx"; sourceTree = "<group>"; };
		D3B284EF285CC9010001FB7B /* 10-台北車站.gpx */ = {isa = PBXFileReference; lastKnownFileType = text.xml; path = "10-台北車站.gpx"; sourceTree = "<group>"; };
		D3B284F0285CC9080001FB7B /* 11-中山.gpx */ = {isa = PBXFileReference; lastKnownFileType = text.xml; path = "11-中山.gpx"; sourceTree = "<group>"; };
		D3B284F2285CC9A50001FB7B /* 15-劍潭.gpx */ = {isa = PBXFileReference; lastKnownFileType = text.xml; path = "15-劍潭.gpx"; sourceTree = "<group>"; };
		D3B284F3285CC9B40001FB7B /* 16-士林.gpx */ = {isa = PBXFileReference; lastKnownFileType = text.xml; path = "16-士林.gpx"; sourceTree = "<group>"; };
		D3C949702887A1B1000F9681 /* 28-淡水.gpx */ = {isa = PBXFileReference; fileEncoding = 4; lastKnownFileType = text.xml; path = "28-淡水.gpx"; sourceTree = "<group>"; };
/* End PBXFileReference section */

/* Begin PBXFrameworksBuildPhase section */
		D30FB84A1F74B49800F211BE /* Frameworks */ = {
			isa = PBXFrameworksBuildPhase;
			buildActionMask = 2147483647;
			files = (
			);
			runOnlyForDeploymentPostprocessing = 0;
		};
/* End PBXFrameworksBuildPhase section */

/* Begin PBXGroup section */
		D30FB8441F74B49800F211BE = {
			isa = PBXGroup;
			children = (
				D30FB84F1F74B49800F211BE /* gps */,
				D30FB84E1F74B49800F211BE /* Products */,
			);
			sourceTree = "<group>";
		};
		D30FB84E1F74B49800F211BE /* Products */ = {
			isa = PBXGroup;
			children = (
				D30FB84D1F74B49800F211BE /* gps.app */,
			);
			name = Products;
			sourceTree = "<group>";
		};
		D30FB84F1F74B49800F211BE /* gps */ = {
			isa = PBXGroup;
			children = (
				D30FB8501F74B49800F211BE /* AppDelegate.swift */,
				D30FB8521F74B49800F211BE /* ViewController.swift */,
				D3B284E5285CC7590001FB7B /* 03-101世貿.gpx */,
				D3B284E6285CC8180001FB7B /* 04-信義安和.gpx */,
				D3B284E7285CC8BF0001FB7B /* 05-大安.gpx */,
				D3B284E8285CC8CE0001FB7B /* 06-大安森林公園.gpx */,
				D3B284EA285CC8DB0001FB7B /* 07-東門.gpx */,
				D3B284E9285CC8D50001FB7B /* 08-中正紀念堂.gpx */,
				D3B284EC285CC8E80001FB7B /* 09-台大醫院.gpx */,
				D3B284EF285CC9010001FB7B /* 10-台北車站.gpx */,
				D3B284F0285CC9080001FB7B /* 11-中山.gpx */,
				D3B284ED285CC8F50001FB7B /* 12-雙連.gpx */,
				D3B284EE285CC8FB0001FB7B /* 13-民權西路.gpx */,
				D3B284EB285CC8E10001FB7B /* 14-圓山.gpx */,
				D3B284F2285CC9A50001FB7B /* 15-劍潭.gpx */,
				D3B284F3285CC9B40001FB7B /* 16-士林.gpx */,
				D3C949702887A1B1000F9681 /* 28-淡水.gpx */,
				D30FB8541F74B49800F211BE /* Main.storyboard */,
				D30FB85A1F74B49800F211BE /* Assets.xcassets */,
				D30FB85C1F74B49800F211BE /* LaunchScreen.storyboard */,
				D30FB85F1F74B49800F211BE /* Info.plist */,
				D30FB8571F74B49800F211BE /* gps.xcdatamodeld */,
			);
			path = gps;
			sourceTree = "<group>";
		};
/* End PBXGroup section */

/* Begin PBXNativeTarget section */
		D30FB84C1F74B49800F211BE /* gps */ = {
			isa = PBXNativeTarget;
			buildConfigurationList = D30FB8621F74B49800F211BE /* Build configuration list for PBXNativeTarget "gps" */;
			buildPhases = (
				D30FB8491F74B49800F211BE /* Sources */,
				D30FB84A1F74B49800F211BE /* Frameworks */,
				D30FB84B1F74B49800F211BE /* Resources */,
			);
			buildRules = (
			);
			dependencies = (
			);
			name = gps;
			productName = gps;
			productReference = D30FB84D1F74B49800F211BE /* gps.app */;
			productType = "com.apple.product-type.application";
		};
/* End PBXNativeTarget section */

/* Begin PBXProject section */
		D30FB8451F74B49800F211BE /* Project object */ = {
			isa = PBXProject;
			attributes = {
				LastSwiftUpdateCheck = 0830;
				LastUpgradeCheck = 1130;
				ORGANIZATIONNAME = Brian;
				TargetAttributes = {
					D30FB84C1F74B49800F211BE = {
						CreatedOnToolsVersion = 8.3.3;
						DevelopmentTeam = SA6YWU7UZW;
						ProvisioningStyle = Automatic;
					};
				};
			};
			buildConfigurationList = D30FB8481F74B49800F211BE /* Build configuration list for PBXProject "gps" */;
			compatibilityVersion = "Xcode 3.2";
			developmentRegion = en;
			hasScannedForEncodings = 0;
			knownRegions = (
				en,
				Base,
			);
			mainGroup = D30FB8441F74B49800F211BE;
			productRefGroup = D30FB84E1F74B49800F211BE /* Products */;
			projectDirPath = "";
			projectRoot = "";
			targets = (
				D30FB84C1F74B49800F211BE /* gps */,
			);
		};
/* End PBXProject section */

/* Begin PBXResourcesBuildPhase section */
		D30FB84B1F74B49800F211BE /* Resources */ = {
			isa = PBXResourcesBuildPhase;
			buildActionMask = 2147483647;
			files = (
				D30FB85E1F74B49800F211BE /* LaunchScreen.storyboard in Resources */,
				D30FB85B1F74B49800F211BE /* Assets.xcassets in Resources */,
				D3C949712887A1B1000F9681 /* 28-淡水.gpx in Resources */,
				D30FB8561F74B49800F211BE /* Main.storyboard in Resources */,
			);
			runOnlyForDeploymentPostprocessing = 0;
		};
/* End PBXResourcesBuildPhase section */

/* Begin PBXSourcesBuildPhase section */
		D30FB8491F74B49800F211BE /* Sources */ = {
			isa = PBXSourcesBuildPhase;
			buildActionMask = 2147483647;
			files = (
				D30FB8531F74B49800F211BE /* ViewController.swift in Sources */,
				D30FB8591F74B49800F211BE /* gps.xcdatamodeld in Sources */,
				D30FB8511F74B49800F211BE /* AppDelegate.swift in Sources */,
			);
			runOnlyForDeploymentPostprocessing = 0;
		};
/* End PBXSourcesBuildPhase section */

/* Begin PBXVariantGroup section */
		D30FB8541F74B49800F211BE /* Main.storyboard */ = {
			isa = PBXVariantGroup;
			children = (
				D30FB8551F74B49800F211BE /* Base */,
			);
			name = Main.storyboard;
			sourceTree = "<group>";
		};
		D30FB85C1F74B49800F211BE /* LaunchScreen.storyboard */ = {
			isa = PBXVariantGroup;
			children = (
				D30FB85D1F74B49800F211BE /* Base */,
			);
			name = LaunchScreen.storyboard;
			sourceTree = "<group>";
		};
/* End PBXVariantGroup section */

/* Begin XCBuildConfiguration section */
		D30FB8601F74B49800F211BE /* Debug */ = {
			isa = XCBuildConfiguration;
			buildSettings = {
				ALWAYS_SEARCH_USER_PATHS = NO;
				CLANG_ANALYZER_LOCALIZABILITY_NONLOCALIZED = YES;
				CLANG_ANALYZER_NONNULL = YES;
				CLANG_ANALYZER_NUMBER_OBJECT_CONVERSION = YES_AGGRESSIVE;
				CLANG_CXX_LANGUAGE_STANDARD = "gnu++0x";
				CLANG_CXX_LIBRARY = "libc++";
				CLANG_ENABLE_MODULES = YES;
				CLANG_ENABLE_OBJC_ARC = YES;
				CLANG_WARN_BLOCK_CAPTURE_AUTORELEASING = YES;
				CLANG_WARN_BOOL_CONVERSION = YES;
				CLANG_WARN_COMMA = YES;
				CLANG_WARN_CONSTANT_CONVERSION = YES;
				CLANG_WARN_DEPRECATED_OBJC_IMPLEMENTATIONS = YES;
				CLANG_WARN_DIRECT_OBJC_ISA_USAGE = YES_ERROR;
				CLANG_WARN_DOCUMENTATION_COMMENTS = YES;
				CLANG_WARN_EMPTY_BODY = YES;
				CLANG_WARN_ENUM_CONVERSION = YES;
				CLANG_WARN_INFINITE_RECURSION = YES;
				CLANG_WARN_INT_CONVERSION = YES;
				CLANG_WARN_NON_LITERAL_NULL_CONVERSION = YES;
				CLANG_WARN_OBJC_IMPLICIT_RETAIN_SELF = YES;
				CLANG_WARN_OBJC_LITERAL_CONVERSION = YES;
				CLANG_WARN_OBJC_ROOT_CLASS = YES_ERROR;
				CLANG_WARN_RANGE_LOOP_ANALYSIS = YES;
				CLANG_WARN_STRICT_PROTOTYPES = YES;
				CLANG_WARN_SUSPICIOUS_MOVE = YES;
				CLANG_WARN_UNREACHABLE_CODE = YES;
				CLANG_WARN__DUPLICATE_METHOD_MATCH = YES;
				"CODE_SIGN_IDENTITY[sdk=iphoneos*]" = "iPhone Developer";
				COPY_PHASE_STRIP = NO;
				DEBUG_INFORMATION_FORMAT = dwarf;
				ENABLE_STRICT_OBJC_MSGSEND = YES;
				ENABLE_TESTABILITY = YES;
				GCC_C_LANGUAGE_STANDARD = gnu99;
				GCC_DYNAMIC_NO_PIC = NO;
				GCC_NO_COMMON_BLOCKS = YES;
				GCC_OPTIMIZATION_LEVEL = 0;
				GCC_PREPROCESSOR_DEFINITIONS = (
					"DEBUG=1",
					"$(inherited)",
				);
				GCC_WARN_64_TO_32_BIT_CONVERSION = YES;
				GCC_WARN_ABOUT_RETURN_TYPE = YES_ERROR;
				GCC_WARN_UNDECLARED_SELECTOR = YES;
				GCC_WARN_UNINITIALIZED_AUTOS = YES_AGGRESSIVE;
				GCC_WARN_UNUSED_FUNCTION = YES;
				GCC_WARN_UNUSED_VARIABLE = YES;
				IPHONEOS_DEPLOYMENT_TARGET = 10.3;
				MTL_ENABLE_DEBUG_INFO = YES;
				ONLY_ACTIVE_ARCH = YES;
				SDKROOT = iphoneos;
				SWIFT_ACTIVE_COMPILATION_CONDITIONS = DEBUG;
				SWIFT_OPTIMIZATION_LEVEL = "-Onone";
				TARGETED_DEVICE_FAMILY = "1,2";
			};
			name = Debug;
		};
		D30FB8611F74B49800F211BE /* Release */ = {
			isa = XCBuildConfiguration;
			buildSettings = {
				ALWAYS_SEARCH_USER_PATHS = NO;
				CLANG_ANALYZER_LOCALIZABILITY_NONLOCALIZED = YES;
				CLANG_ANALYZER_NONNULL = YES;
				CLANG_ANALYZER_NUMBER_OBJECT_CONVERSION = YES_AGGRESSIVE;
				CLANG_CXX_LANGUAGE_STANDARD = "gnu++0x";
				CLANG_CXX_LIBRARY = "libc++";
				CLANG_ENABLE_MODULES = YES;
				CLANG_ENABLE_OBJC_ARC = YES;
				CLANG_WARN_BLOCK_CAPTURE_AUTORELEASING = YES;
				CLANG_WARN_BOOL_CONVERSION = YES;
				CLANG_WARN_COMMA = YES;
				CLANG_WARN_CONSTANT_CONVERSION = YES;
				CLANG_WARN_DEPRECATED_OBJC_IMPLEMENTATIONS = YES;
				CLANG_WARN_DIRECT_OBJC_ISA_USAGE = YES_ERROR;
				CLANG_WARN_DOCUMENTATION_COMMENTS = YES;
				CLANG_WARN_EMPTY_BODY = YES;
				CLANG_WARN_ENUM_CONVERSION = YES;
				CLANG_WARN_INFINITE_RECURSION = YES;
				CLANG_WARN_INT_CONVERSION = YES;
				CLANG_WARN_NON_LITERAL_NULL_CONVERSION = YES;
				CLANG_WARN_OBJC_IMPLICIT_RETAIN_SELF = YES;
				CLANG_WARN_OBJC_LITERAL_CONVERSION = YES;
				CLANG_WARN_OBJC_ROOT_CLASS = YES_ERROR;
				CLANG_WARN_RANGE_LOOP_ANALYSIS = YES;
				CLANG_WARN_STRICT_PROTOTYPES = YES;
				CLANG_WARN_SUSPICIOUS_MOVE = YES;
				CLANG_WARN_UNREACHABLE_CODE = YES;
				CLANG_WARN__DUPLICATE_METHOD_MATCH = YES;
				"CODE_SIGN_IDENTITY[sdk=iphoneos*]" = "iPhone Developer";
				COPY_PHASE_STRIP = NO;
				DEBUG_INFORMATION_FORMAT = "dwarf-with-dsym";
				ENABLE_NS_ASSERTIONS = NO;
				ENABLE_STRICT_OBJC_MSGSEND = YES;
				GCC_C_LANGUAGE_STANDARD = gnu99;
				GCC_NO_COMMON_BLOCKS = YES;
				GCC_WARN_64_TO_32_BIT_CONVERSION = YES;
				GCC_WARN_ABOUT_RETURN_TYPE = YES_ERROR;
				GCC_WARN_UNDECLARED_SELECTOR = YES;
				GCC_WARN_UNINITIALIZED_AUTOS = YES_AGGRESSIVE;
				GCC_WARN_UNUSED_FUNCTION = YES;
				GCC_WARN_UNUSED_VARIABLE = YES;
				IPHONEOS_DEPLOYMENT_TARGET = 10.3;
				MTL_ENABLE_DEBUG_INFO = NO;
				SDKROOT = iphoneos;
				SWIFT_OPTIMIZATION_LEVEL = "-Owholemodule";
				TARGETED_DEVICE_FAMILY = "1,2";
				VALIDATE_PRODUCT = YES;
			};
			name = Release;
		};
		D30FB8631F74B49800F211BE /* Debug */ = {
			isa = XCBuildConfiguration;
			buildSettings = {
				ASSETCATALOG_COMPILER_APPICON_NAME = AppIcon;
				DEVELOPMENT_TEAM = SA6YWU7UZW;
				INFOPLIST_FILE = gps/Info.plist;
				LD_RUNPATH_SEARCH_PATHS = "$(inherited) @executable_path/Frameworks";
				PRODUCT_BUNDLE_IDENTIFIER = brian.gps;
				PRODUCT_NAME = "$(TARGET_NAME)";
				SWIFT_VERSION = 4.0;
			};
			name = Debug;
		};
		D30FB8641F74B49800F211BE /* Release */ = {
			isa = XCBuildConfiguration;
			buildSettings = {
				ASSETCATALOG_COMPILER_APPICON_NAME = AppIcon;
				DEVELOPMENT_TEAM = SA6YWU7UZW;
				INFOPLIST_FILE = gps/Info.plist;
				LD_RUNPATH_SEARCH_PATHS = "$(inherited) @executable_path/Frameworks";
				PRODUCT_BUNDLE_IDENTIFIER = brian.gps;
				PRODUCT_NAME = "$(TARGET_NAME)";
				SWIFT_VERSION = 4.0;
			};
			name = Release;
		};
/* End XCBuildConfiguration section */

/* Begin XCConfigurationList section */
		D30FB8481F74B49800F211BE /* Build configuration list for PBXProject "gps" */ = {
			isa = XCConfigurationList;
			buildConfigurations = (
				D30FB8601F74B49800F211BE /* Debug */,
				D30FB8611F74B49800F211BE /* Release */,
			);
			defaultConfigurationIsVisible = 0;
			defaultConfigurationName = Release;
		};
		D30FB8621F74B49800F211BE /* Build configuration list for PBXNativeTarget "gps" */ = {
			isa = XCConfigurationList;
			buildConfigurations = (
				D30FB8631F74B49800F211BE /* Debug */,
				D30FB8641F74B49800F211BE /* Release */,
			);
			defaultConfigurationIsVisible = 0;
			defaultConfigurationName = Release;
		};
/* End XCConfigurationList section */

/* Begin XCVersionGroup section */
		D30FB8571F74B49800F211BE /* gps.xcdatamodeld */ = {
			isa = XCVersionGroup;
			children = (
				D30FB8581F74B49800F211BE /* gps.xcdatamodel */,
			);
			currentVersion = D30FB8581F74B49800F211BE /* gps.xcdatamodel */;
			path = gps.xcdatamodeld;
			sourceTree = "<group>";
			versionGroupType = wrapper.xcdatamodel;
		};
/* End XCVersionGroup section */
	};
	rootObject = D30FB8451F74B49800F211BE /* Project object */;
}
